{
  "name": "accumulate_facebook_data",
  "version": "1.0.0",
  "lockfileVersion": 1,
  "requires": true,
  "dependencies": {
    "fetch-body": {
      "version": "1.0.1",
      "resolved": "https://registry.npmjs.org/fetch-body/-/fetch-body-1.0.1.tgz",
      "integrity": "sha512-gcrL6EJyD6hd4pqriMbF4EVUW7HQ/Uor7nd7FAqhvI407MeN0zPHCbSv/RERfH3ZfT+gSjtb1eFeHefPGIVAgQ=="
    },
    "node-fetch": {
      "version": "2.0.0-alpha.8",
      "resolved": "https://registry.npmjs.org/node-fetch/-/node-fetch-2.0.0-alpha.8.tgz",
      "integrity": "sha512-cDokdqn6TD7LNpMqxgPsI1Iqu23sD4ihqbGELFn4YmMvJSiyJcAws2sm0qKo5hIPXwvc7vR2BDPK09UyyLSivw=="
    }
  }
}
